
Microsoft Visual Studio Solution File, Format Version 10.00
# Visual Studio 2008
# SharpDevelop 3.1.0.4030
Project("{FAE04EC0-301F-11D3-BF4B-00C04F79EFBC}") = "MSMQAdapter", "MSMQAdapter\MSMQAdapter.csproj", "{AAEA280C-903E-4C68-96A2-B38CAD311D0A}"
EndProject
Global
	GlobalSection(SolutionConfigurationPlatforms) = preSolution
		Debug|Any CPU = Debug|Any CPU
		Release|Any CPU = Release|Any CPU
	EndGlobalSection
	GlobalSection(ProjectConfigurationPlatforms) = postSolution
		{AAEA280C-903E-4C68-96A2-B38CAD311D0A}.Debug|Any CPU.Build.0 = Debug|Any CPU
		{AAEA280C-903E-4C68-96A2-B38CAD311D0A}.Debug|Any CPU.ActiveCfg = Debug|Any CPU
		{AAEA280C-903E-4C68-96A2-B38CAD311D0A}.Release|Any CPU.Build.0 = Release|Any CPU
		{AAEA280C-903E-4C68-96A2-B38CAD311D0A}.Release|Any CPU.ActiveCfg = Release|Any CPU
	EndGlobalSection
EndGlobal
